
Microsoft Visual Studio Solution File, Format Version 12.00
# Visual Studio Version 17
VisualStudioVersion = 17.8.34330.188
MinimumVisualStudioVersion = 10.0.40219.1
Project("{9A19103F-16F7-4668-BE54-9A1E7A4F7556}") = "IleriWebFinalServer", "IleriWebFinalServer\IleriWebFinalServer.csproj", "{53EB6DAD-BF52-4423-9645-800915992019}"
EndProject
Global
	GlobalSection(SolutionConfigurationPlatforms) = preSolution
		Debug|Any CPU = Debug|Any CPU
		Release|Any CPU = Release|Any CPU
	EndGlobalSection
	GlobalSection(ProjectConfigurationPlatforms) = postSolution
		{53EB6DAD-BF52-4423-9645-800915992019}.Debug|Any CPU.ActiveCfg = Debug|Any CPU
		{53EB6DAD-BF52-4423-9645-800915992019}.Debug|Any CPU.Build.0 = Debug|Any CPU
		{53EB6DAD-BF52-4423-9645-800915992019}.Release|Any CPU.ActiveCfg = Release|Any CPU
		{53EB6DAD-BF52-4423-9645-800915992019}.Release|Any CPU.Build.0 = Release|Any CPU
	EndGlobalSection
	GlobalSection(SolutionProperties) = preSolution
		HideSolutionNode = FALSE
	EndGlobalSection
	GlobalSection(ExtensibilityGlobals) = postSolution
		SolutionGuid = {7CB711EE-F0F5-46BB-B993-631C1EA4550C}
	EndGlobalSection
EndGlobal
